
Microsoft Visual Studio Solution File, Format Version 10.00
# Visual Studio 2008
Project("{FAE04EC0-301F-11D3-BF4B-00C04F79EFBC}") = "MonoMultiJack", "MonoMultiJack\MonoMultiJack.csproj", "{D43459F9-41B8-467F-965E-8783BD10FC04}"
EndProject
Project("{FAE04EC0-301F-11D3-BF4B-00C04F79EFBC}") = "MonoMultiJack.ConnectionWrapper", "MonoMultiJack.ConnectionWrapper\MonoMultiJack.ConnectionWrapper.csproj", "{A2E7179B-3D8A-4158-B23F-71ACB5C713D9}"
EndProject
Global
	GlobalSection(SolutionConfigurationPlatforms) = preSolution
		Debug|Any CPU = Debug|Any CPU
		Release|Any CPU = Release|Any CPU
	EndGlobalSection
	GlobalSection(ProjectConfigurationPlatforms) = postSolution
		{A2E7179B-3D8A-4158-B23F-71ACB5C713D9}.Debug|Any CPU.ActiveCfg = Debug|Any CPU
		{A2E7179B-3D8A-4158-B23F-71ACB5C713D9}.Debug|Any CPU.Build.0 = Debug|Any CPU
		{A2E7179B-3D8A-4158-B23F-71ACB5C713D9}.Release|Any CPU.ActiveCfg = Release|Any CPU
		{A2E7179B-3D8A-4158-B23F-71ACB5C713D9}.Release|Any CPU.Build.0 = Release|Any CPU
		{D43459F9-41B8-467F-965E-8783BD10FC04}.Debug|Any CPU.ActiveCfg = Debug|Any CPU
		{D43459F9-41B8-467F-965E-8783BD10FC04}.Debug|Any CPU.Build.0 = Debug|Any CPU
		{D43459F9-41B8-467F-965E-8783BD10FC04}.Release|Any CPU.ActiveCfg = Release|Any CPU
		{D43459F9-41B8-467F-965E-8783BD10FC04}.Release|Any CPU.Build.0 = Release|Any CPU
	EndGlobalSection
	GlobalSection(MonoDevelopProperties) = preSolution
		StartupItem = MonoMultiJack\MonoMultiJack.csproj
		Policies = $0
		$0.DotNetNamingPolicy = $1
		$1.DirectoryNamespaceAssociation = None
		$1.ResourceNamePolicy = FileFormatDefault
		$0.StandardHeader = $2
		$2.inheritsSet = MITX11License
		$0.TextStylePolicy = $3
		$3.FileWidth = 120
		$3.TabWidth = 4
		$3.inheritsSet = Mono
		$3.inheritsScope = text/plain
	EndGlobalSection
EndGlobal
