
Microsoft Visual Studio Solution File, Format Version 12.00
# Visual Studio 15
VisualStudioVersion = 15.0.27130.2027
MinimumVisualStudioVersion = 10.0.40219.1
Project("{FAE04EC0-301F-11D3-BF4B-00C04F79EFBC}") = "Mmj.ConnectionWrapper", "Mmj.ConnectionWrapper\Mmj.ConnectionWrapper.csproj", "{A2E7179B-3D8A-4158-B23F-71ACB5C713D9}"
EndProject
Project("{FAE04EC0-301F-11D3-BF4B-00C04F79EFBC}") = "Mmj.ConnectionWrapper.Jack", "Mmj.ConnectionWrapper.Jack\Mmj.ConnectionWrapper.Jack.csproj", "{BDDCE17F-A5CD-44D0-9068-FDD3BBD8B775}"
EndProject
Project("{FAE04EC0-301F-11D3-BF4B-00C04F79EFBC}") = "Mmj.FileOperations", "Mmj.FileOperations\Mmj.FileOperations.csproj", "{95BED56E-4297-4668-B75B-A9DF6F522EB4}"
EndProject
Project("{FAE04EC0-301F-11D3-BF4B-00C04F79EFBC}") = "Mmj.OS", "Mmj.OS\Mmj.OS.csproj", "{D975B294-7420-433F-B5A8-A7B230584877}"
EndProject
Project("{FAE04EC0-301F-11D3-BF4B-00C04F79EFBC}") = "Mmj.OS.Windows", "Mmj.OS.Windows\Mmj.OS.Windows.csproj", "{30BB68BB-C4E0-4613-9FD5-3AC5BFE920BA}"
EndProject
Project("{FAE04EC0-301F-11D3-BF4B-00C04F79EFBC}") = "MonoMultiJack.Windows", "MonoMultiJack.Windows\MonoMultiJack.Windows.csproj", "{48716E31-9E50-469A-8EA4-3F722C79D7B8}"
EndProject
Project("{FAE04EC0-301F-11D3-BF4B-00C04F79EFBC}") = "Mmj.Mvp", "Mmj.Mvp\Mmj.Mvp.csproj", "{D43459F9-41B8-467F-965E-8783BD10FC04}"
EndProject
Project("{930C7802-8A8C-48F9-8165-68863BCCD9DD}") = "MonoMultiJack.Windows.Setup", "MonoMultiJack.Windows.Setup\MonoMultiJack.Windows.Setup.wixproj", "{5E708E1A-DC0D-4A78-B943-978548E555D9}"
EndProject
Project("{FAE04EC0-301F-11D3-BF4B-00C04F79EFBC}") = "MonoMultiJack.Windows.SetupCheck", "MonoMultiJack.Windows.SetupCheck\MonoMultiJack.Windows.SetupCheck.csproj", "{C538BB97-7BEF-4D81-8B0A-84E66FAC9DD2}"
EndProject
Global
	GlobalSection(SolutionConfigurationPlatforms) = preSolution
		Debug|Any CPU = Debug|Any CPU
		Debug|Mixed Platforms = Debug|Mixed Platforms
		Debug|x86 = Debug|x86
		Release|Any CPU = Release|Any CPU
		Release|Mixed Platforms = Release|Mixed Platforms
		Release|x86 = Release|x86
	EndGlobalSection
	GlobalSection(ProjectConfigurationPlatforms) = postSolution
		{A2E7179B-3D8A-4158-B23F-71ACB5C713D9}.Debug|Any CPU.ActiveCfg = Debug|Any CPU
		{A2E7179B-3D8A-4158-B23F-71ACB5C713D9}.Debug|Any CPU.Build.0 = Debug|Any CPU
		{A2E7179B-3D8A-4158-B23F-71ACB5C713D9}.Debug|Mixed Platforms.ActiveCfg = Debug|Any CPU
		{A2E7179B-3D8A-4158-B23F-71ACB5C713D9}.Debug|Mixed Platforms.Build.0 = Debug|Any CPU
		{A2E7179B-3D8A-4158-B23F-71ACB5C713D9}.Debug|x86.ActiveCfg = Debug|Any CPU
		{A2E7179B-3D8A-4158-B23F-71ACB5C713D9}.Release|Any CPU.ActiveCfg = Release|Any CPU
		{A2E7179B-3D8A-4158-B23F-71ACB5C713D9}.Release|Any CPU.Build.0 = Release|Any CPU
		{A2E7179B-3D8A-4158-B23F-71ACB5C713D9}.Release|Mixed Platforms.ActiveCfg = Release|Any CPU
		{A2E7179B-3D8A-4158-B23F-71ACB5C713D9}.Release|Mixed Platforms.Build.0 = Release|Any CPU
		{A2E7179B-3D8A-4158-B23F-71ACB5C713D9}.Release|x86.ActiveCfg = Release|Any CPU
		{BDDCE17F-A5CD-44D0-9068-FDD3BBD8B775}.Debug|Any CPU.ActiveCfg = Debug|Any CPU
		{BDDCE17F-A5CD-44D0-9068-FDD3BBD8B775}.Debug|Any CPU.Build.0 = Debug|Any CPU
		{BDDCE17F-A5CD-44D0-9068-FDD3BBD8B775}.Debug|Mixed Platforms.ActiveCfg = Debug|Any CPU
		{BDDCE17F-A5CD-44D0-9068-FDD3BBD8B775}.Debug|Mixed Platforms.Build.0 = Debug|Any CPU
		{BDDCE17F-A5CD-44D0-9068-FDD3BBD8B775}.Debug|x86.ActiveCfg = Debug|Any CPU
		{BDDCE17F-A5CD-44D0-9068-FDD3BBD8B775}.Release|Any CPU.ActiveCfg = Release|Any CPU
		{BDDCE17F-A5CD-44D0-9068-FDD3BBD8B775}.Release|Any CPU.Build.0 = Release|Any CPU
		{BDDCE17F-A5CD-44D0-9068-FDD3BBD8B775}.Release|Mixed Platforms.ActiveCfg = Release|Any CPU
		{BDDCE17F-A5CD-44D0-9068-FDD3BBD8B775}.Release|Mixed Platforms.Build.0 = Release|Any CPU
		{BDDCE17F-A5CD-44D0-9068-FDD3BBD8B775}.Release|x86.ActiveCfg = Release|Any CPU
		{95BED56E-4297-4668-B75B-A9DF6F522EB4}.Debug|Any CPU.ActiveCfg = Debug|Any CPU
		{95BED56E-4297-4668-B75B-A9DF6F522EB4}.Debug|Any CPU.Build.0 = Debug|Any CPU
		{95BED56E-4297-4668-B75B-A9DF6F522EB4}.Debug|Mixed Platforms.ActiveCfg = Debug|Any CPU
		{95BED56E-4297-4668-B75B-A9DF6F522EB4}.Debug|Mixed Platforms.Build.0 = Debug|Any CPU
		{95BED56E-4297-4668-B75B-A9DF6F522EB4}.Debug|x86.ActiveCfg = Debug|Any CPU
		{95BED56E-4297-4668-B75B-A9DF6F522EB4}.Release|Any CPU.ActiveCfg = Release|Any CPU
		{95BED56E-4297-4668-B75B-A9DF6F522EB4}.Release|Any CPU.Build.0 = Release|Any CPU
		{95BED56E-4297-4668-B75B-A9DF6F522EB4}.Release|Mixed Platforms.ActiveCfg = Release|Any CPU
		{95BED56E-4297-4668-B75B-A9DF6F522EB4}.Release|Mixed Platforms.Build.0 = Release|Any CPU
		{95BED56E-4297-4668-B75B-A9DF6F522EB4}.Release|x86.ActiveCfg = Release|Any CPU
		{D975B294-7420-433F-B5A8-A7B230584877}.Debug|Any CPU.ActiveCfg = Debug|Any CPU
		{D975B294-7420-433F-B5A8-A7B230584877}.Debug|Any CPU.Build.0 = Debug|Any CPU
		{D975B294-7420-433F-B5A8-A7B230584877}.Debug|Mixed Platforms.ActiveCfg = Debug|Any CPU
		{D975B294-7420-433F-B5A8-A7B230584877}.Debug|Mixed Platforms.Build.0 = Debug|Any CPU
		{D975B294-7420-433F-B5A8-A7B230584877}.Debug|x86.ActiveCfg = Debug|Any CPU
		{D975B294-7420-433F-B5A8-A7B230584877}.Release|Any CPU.ActiveCfg = Release|Any CPU
		{D975B294-7420-433F-B5A8-A7B230584877}.Release|Any CPU.Build.0 = Release|Any CPU
		{D975B294-7420-433F-B5A8-A7B230584877}.Release|Mixed Platforms.ActiveCfg = Release|Any CPU
		{D975B294-7420-433F-B5A8-A7B230584877}.Release|Mixed Platforms.Build.0 = Release|Any CPU
		{D975B294-7420-433F-B5A8-A7B230584877}.Release|x86.ActiveCfg = Release|Any CPU
		{30BB68BB-C4E0-4613-9FD5-3AC5BFE920BA}.Debug|Any CPU.ActiveCfg = Debug|Any CPU
		{30BB68BB-C4E0-4613-9FD5-3AC5BFE920BA}.Debug|Any CPU.Build.0 = Debug|Any CPU
		{30BB68BB-C4E0-4613-9FD5-3AC5BFE920BA}.Debug|Mixed Platforms.ActiveCfg = Debug|Any CPU
		{30BB68BB-C4E0-4613-9FD5-3AC5BFE920BA}.Debug|Mixed Platforms.Build.0 = Debug|Any CPU
		{30BB68BB-C4E0-4613-9FD5-3AC5BFE920BA}.Debug|x86.ActiveCfg = Debug|Any CPU
		{30BB68BB-C4E0-4613-9FD5-3AC5BFE920BA}.Release|Any CPU.ActiveCfg = Release|Any CPU
		{30BB68BB-C4E0-4613-9FD5-3AC5BFE920BA}.Release|Any CPU.Build.0 = Release|Any CPU
		{30BB68BB-C4E0-4613-9FD5-3AC5BFE920BA}.Release|Mixed Platforms.ActiveCfg = Release|Any CPU
		{30BB68BB-C4E0-4613-9FD5-3AC5BFE920BA}.Release|Mixed Platforms.Build.0 = Release|Any CPU
		{30BB68BB-C4E0-4613-9FD5-3AC5BFE920BA}.Release|x86.ActiveCfg = Release|Any CPU
		{48716E31-9E50-469A-8EA4-3F722C79D7B8}.Debug|Any CPU.ActiveCfg = Debug|Any CPU
		{48716E31-9E50-469A-8EA4-3F722C79D7B8}.Debug|Any CPU.Build.0 = Debug|Any CPU
		{48716E31-9E50-469A-8EA4-3F722C79D7B8}.Debug|Mixed Platforms.ActiveCfg = Debug|Any CPU
		{48716E31-9E50-469A-8EA4-3F722C79D7B8}.Debug|Mixed Platforms.Build.0 = Debug|Any CPU
		{48716E31-9E50-469A-8EA4-3F722C79D7B8}.Debug|x86.ActiveCfg = Debug|Any CPU
		{48716E31-9E50-469A-8EA4-3F722C79D7B8}.Release|Any CPU.ActiveCfg = Release|Any CPU
		{48716E31-9E50-469A-8EA4-3F722C79D7B8}.Release|Any CPU.Build.0 = Release|Any CPU
		{48716E31-9E50-469A-8EA4-3F722C79D7B8}.Release|Mixed Platforms.ActiveCfg = Release|Any CPU
		{48716E31-9E50-469A-8EA4-3F722C79D7B8}.Release|Mixed Platforms.Build.0 = Release|Any CPU
		{48716E31-9E50-469A-8EA4-3F722C79D7B8}.Release|x86.ActiveCfg = Release|Any CPU
		{D43459F9-41B8-467F-965E-8783BD10FC04}.Debug|Any CPU.ActiveCfg = Debug|Any CPU
		{D43459F9-41B8-467F-965E-8783BD10FC04}.Debug|Any CPU.Build.0 = Debug|Any CPU
		{D43459F9-41B8-467F-965E-8783BD10FC04}.Debug|Mixed Platforms.ActiveCfg = Debug|Any CPU
		{D43459F9-41B8-467F-965E-8783BD10FC04}.Debug|Mixed Platforms.Build.0 = Debug|Any CPU
		{D43459F9-41B8-467F-965E-8783BD10FC04}.Debug|x86.ActiveCfg = Debug|Any CPU
		{D43459F9-41B8-467F-965E-8783BD10FC04}.Release|Any CPU.ActiveCfg = Release|Any CPU
		{D43459F9-41B8-467F-965E-8783BD10FC04}.Release|Any CPU.Build.0 = Release|Any CPU
		{D43459F9-41B8-467F-965E-8783BD10FC04}.Release|Mixed Platforms.ActiveCfg = Release|Any CPU
		{D43459F9-41B8-467F-965E-8783BD10FC04}.Release|Mixed Platforms.Build.0 = Release|Any CPU
		{D43459F9-41B8-467F-965E-8783BD10FC04}.Release|x86.ActiveCfg = Release|Any CPU
		{5E708E1A-DC0D-4A78-B943-978548E555D9}.Debug|Any CPU.ActiveCfg = Debug|x86
		{5E708E1A-DC0D-4A78-B943-978548E555D9}.Debug|Mixed Platforms.ActiveCfg = Debug|x86
		{5E708E1A-DC0D-4A78-B943-978548E555D9}.Debug|Mixed Platforms.Build.0 = Debug|x86
		{5E708E1A-DC0D-4A78-B943-978548E555D9}.Debug|x86.ActiveCfg = Debug|x86
		{5E708E1A-DC0D-4A78-B943-978548E555D9}.Debug|x86.Build.0 = Debug|x86
		{5E708E1A-DC0D-4A78-B943-978548E555D9}.Release|Any CPU.ActiveCfg = Release|x86
		{5E708E1A-DC0D-4A78-B943-978548E555D9}.Release|Mixed Platforms.ActiveCfg = Release|x86
		{5E708E1A-DC0D-4A78-B943-978548E555D9}.Release|Mixed Platforms.Build.0 = Release|x86
		{5E708E1A-DC0D-4A78-B943-978548E555D9}.Release|x86.ActiveCfg = Release|x86
		{5E708E1A-DC0D-4A78-B943-978548E555D9}.Release|x86.Build.0 = Release|x86
		{C538BB97-7BEF-4D81-8B0A-84E66FAC9DD2}.Debug|Any CPU.ActiveCfg = Debug|x86
		{C538BB97-7BEF-4D81-8B0A-84E66FAC9DD2}.Debug|Mixed Platforms.ActiveCfg = Debug|x86
		{C538BB97-7BEF-4D81-8B0A-84E66FAC9DD2}.Debug|Mixed Platforms.Build.0 = Debug|x86
		{C538BB97-7BEF-4D81-8B0A-84E66FAC9DD2}.Debug|x86.ActiveCfg = Debug|x86
		{C538BB97-7BEF-4D81-8B0A-84E66FAC9DD2}.Debug|x86.Build.0 = Debug|x86
		{C538BB97-7BEF-4D81-8B0A-84E66FAC9DD2}.Release|Any CPU.ActiveCfg = Release|x86
		{C538BB97-7BEF-4D81-8B0A-84E66FAC9DD2}.Release|Mixed Platforms.ActiveCfg = Release|x86
		{C538BB97-7BEF-4D81-8B0A-84E66FAC9DD2}.Release|Mixed Platforms.Build.0 = Release|x86
		{C538BB97-7BEF-4D81-8B0A-84E66FAC9DD2}.Release|x86.ActiveCfg = Release|x86
		{C538BB97-7BEF-4D81-8B0A-84E66FAC9DD2}.Release|x86.Build.0 = Release|x86
	EndGlobalSection
	GlobalSection(SolutionProperties) = preSolution
		HideSolutionNode = FALSE
	EndGlobalSection
	GlobalSection(ExtensibilityGlobals) = postSolution
		SolutionGuid = {55BA1E08-5077-4460-978F-AFF6CD205629}
	EndGlobalSection
	GlobalSection(MonoDevelopProperties) = preSolution
		StartupItem = MonoMultiJack.Windows\MonoMultiJack.Windows.csproj
		Policies = $0
		$0.DotNetNamingPolicy = $1
		$1.DirectoryNamespaceAssociation = PrefixedHierarchical
		$1.ResourceNamePolicy = FileFormatDefault
		$0.StandardHeader = $2
		$2.Text = @\n${FileName}\n \nAuthor:\n      ${AuthorName} <${AuthorEmail}>\n\nCopyright (c) ${Year} ${CopyrightHolder}\n\nPermission is hereby granted, free of charge, to any person obtaining a copy\nof this software and associated documentation files (the "Software"), to deal\nin the Software without restriction, including without limitation the rights\nto use, copy, modify, merge, publish, distribute, sublicense, and/or sell\ncopies of the Software, and to permit persons to whom the Software is\nfurnished to do so, subject to the following conditions:\n\nThe above copyright notice and this permission notice shall be included in\nall copies or substantial portions of the Software.\n\nTHE SOFTWARE IS PROVIDED "AS IS", WITHOUT WARRANTY OF ANY KIND, EXPRESS OR\nIMPLIED, INCLUDING BUT NOT LIMITED TO THE WARRANTIES OF MERCHANTABILITY,\nFITNESS FOR A PARTICULAR PURPOSE AND NONINFRINGEMENT. IN NO EVENT SHALL THE\nAUTHORS OR COPYRIGHT HOLDERS BE LIABLE FOR ANY CLAIM, DAMAGES OR OTHER\nLIABILITY, WHETHER IN AN ACTION OF CONTRACT, TORT OR OTHERWISE, ARISING FROM,\nOUT OF OR IN CONNECTION WITH THE SOFTWARE OR THE USE OR OTHER DEALINGS IN\nTHE SOFTWARE.
		$2.IncludeInNewFiles = True
		$0.TextStylePolicy = $38
		$3.FileWidth = 120
		$3.TabWidth = 4
		$3.inheritsSet = Mono
		$3.inheritsScope = text/plain
		$4.TabsToSpaces = False
		$4.inheritsSet = VisualStudio
		$4.inheritsScope = text/plain
		$4.scope = text/plain
		$5.TabsToSpaces = False
		$5.NoTabsAfterNonTabs = True
		$5.EolMarker = Unix
		$5.inheritsSet = VisualStudio
		$5.inheritsScope = text/plain
		$5.scope = text/x-csharp
		$0.CSharpFormattingPolicy = $6
		$6.inheritsSet = Mono
		$6.inheritsScope = text/x-csharp
		$6.scope = text/x-csharp
		$0.NameConventionPolicy = $7
		$7.Rules = $8
		$8.NamingRule = $33
		$9.Name = Namespaces
		$9.AffectedEntity = Namespace
		$9.VisibilityMask = VisibilityMask
		$9.NamingStyle = PascalCase
		$9.IncludeInstanceMembers = True
		$9.IncludeStaticEntities = True
		$10.Name = Types
		$10.AffectedEntity = Class, Struct, Enum, Delegate
		$10.VisibilityMask = VisibilityMask
		$10.NamingStyle = PascalCase
		$10.IncludeInstanceMembers = True
		$10.IncludeStaticEntities = True
		$11.Name = Interfaces
		$11.RequiredPrefixes = $12
		$12.String = I
		$11.AffectedEntity = Interface
		$11.VisibilityMask = VisibilityMask
		$11.NamingStyle = PascalCase
		$11.IncludeInstanceMembers = True
		$11.IncludeStaticEntities = True
		$13.Name = Attributes
		$13.RequiredSuffixes = $14
		$14.String = Attribute
		$13.AffectedEntity = CustomAttributes
		$13.VisibilityMask = VisibilityMask
		$13.NamingStyle = PascalCase
		$13.IncludeInstanceMembers = True
		$13.IncludeStaticEntities = True
		$15.Name = Event Arguments
		$15.RequiredSuffixes = $16
		$16.String = EventArgs
		$15.AffectedEntity = CustomEventArgs
		$15.VisibilityMask = VisibilityMask
		$15.NamingStyle = PascalCase
		$15.IncludeInstanceMembers = True
		$15.IncludeStaticEntities = True
		$17.Name = Exceptions
		$17.RequiredSuffixes = $18
		$18.String = Exception
		$17.AffectedEntity = CustomExceptions
		$17.VisibilityMask = VisibilityMask
		$17.NamingStyle = PascalCase
		$17.IncludeInstanceMembers = True
		$17.IncludeStaticEntities = True
		$19.Name = Methods
		$19.AffectedEntity = Methods
		$19.VisibilityMask = VisibilityMask
		$19.NamingStyle = PascalCase
		$19.IncludeInstanceMembers = True
		$19.IncludeStaticEntities = True
		$20.Name = Static Readonly Fields
		$20.AffectedEntity = ReadonlyField
		$20.VisibilityMask = Internal, Protected, Public
		$20.NamingStyle = PascalCase
		$20.IncludeInstanceMembers = False
		$20.IncludeStaticEntities = True
		$21.Name = Fields (Non Private)
		$21.AffectedEntity = Field
		$21.VisibilityMask = Internal, Protected, Public
		$21.NamingStyle = PascalCase
		$21.IncludeInstanceMembers = True
		$21.IncludeStaticEntities = True
		$22.Name = ReadOnly Fields (Non Private)
		$22.AffectedEntity = ReadonlyField
		$22.VisibilityMask = Internal, Protected, Public
		$22.NamingStyle = PascalCase
		$22.IncludeInstanceMembers = True
		$22.IncludeStaticEntities = False
		$23.Name = Fields (Private)
		$23.RequiredPrefixes = $24
		$24.String = _
		$23.AffectedEntity = Field, ReadonlyField
		$23.VisibilityMask = Private
		$23.NamingStyle = CamelCase
		$23.IncludeInstanceMembers = True
		$23.IncludeStaticEntities = False
		$25.Name = Static Fields (Private)
		$25.AffectedEntity = Field
		$25.VisibilityMask = Private
		$25.NamingStyle = CamelCase
		$25.IncludeInstanceMembers = False
		$25.IncludeStaticEntities = True
		$26.Name = ReadOnly Fields (Private)
		$26.RequiredPrefixes = $27
		$27.String = _
		$26.AffectedEntity = ReadonlyField
		$26.VisibilityMask = Private
		$26.NamingStyle = CamelCase
		$26.IncludeInstanceMembers = True
		$26.IncludeStaticEntities = False
		$28.Name = Constant Fields
		$28.AffectedEntity = ConstantField
		$28.VisibilityMask = VisibilityMask
		$28.NamingStyle = PascalCase
		$28.IncludeInstanceMembers = True
		$28.IncludeStaticEntities = True
		$29.Name = Properties
		$29.AffectedEntity = Property
		$29.VisibilityMask = VisibilityMask
		$29.NamingStyle = PascalCase
		$29.IncludeInstanceMembers = True
		$29.IncludeStaticEntities = True
		$30.Name = Events
		$30.AffectedEntity = Event
		$30.VisibilityMask = VisibilityMask
		$30.NamingStyle = PascalCase
		$30.IncludeInstanceMembers = True
		$30.IncludeStaticEntities = True
		$31.Name = Enum Members
		$31.AffectedEntity = EnumMember
		$31.VisibilityMask = VisibilityMask
		$31.NamingStyle = PascalCase
		$31.IncludeInstanceMembers = True
		$31.IncludeStaticEntities = True
		$32.Name = Parameters
		$32.AffectedEntity = Parameter
		$32.VisibilityMask = VisibilityMask
		$32.NamingStyle = CamelCase
		$32.IncludeInstanceMembers = True
		$32.IncludeStaticEntities = True
		$33.Name = Type Parameters
		$33.RequiredPrefixes = $34
		$34.String = T
		$33.AffectedEntity = TypeParameter
		$33.VisibilityMask = VisibilityMask
		$33.NamingStyle = PascalCase
		$33.IncludeInstanceMembers = True
		$33.IncludeStaticEntities = True
		$0.XmlFormattingPolicy = $37
		$35.inheritsSet = Mono
		$35.inheritsScope = application/xml
		$35.scope = application/xml
		$36.inheritsSet = null
		$36.scope = application/config+xml
		$37.inheritsSet = null
		$37.scope = application/config+xml
		$38.inheritsSet = null
		$38.scope = application/xml
		version = 0.5.0
	EndGlobalSection
EndGlobal
